
Microsoft Visual Studio Solution File, Format Version 12.00
# Visual Studio Version 16
VisualStudioVersion = 16.0.30717.126
MinimumVisualStudioVersion = 10.0.40219.1
Project("{FAE04EC0-301F-11D3-BF4B-00C04F79EFBC}") = "Generador X", "Generador X\Generador X.csproj", "{D7056D7E-D963-4BDE-8492-07380B4218A2}"
EndProject
Global
	GlobalSection(SolutionConfigurationPlatforms) = preSolution
		Debug|Any CPU = Debug|Any CPU
		Release|Any CPU = Release|Any CPU
	EndGlobalSection
	GlobalSection(ProjectConfigurationPlatforms) = postSolution
		{D7056D7E-D963-4BDE-8492-07380B4218A2}.Debug|Any CPU.ActiveCfg = Debug|Any CPU
		{D7056D7E-D963-4BDE-8492-07380B4218A2}.Debug|Any CPU.Build.0 = Debug|Any CPU
		{D7056D7E-D963-4BDE-8492-07380B4218A2}.Release|Any CPU.ActiveCfg = Release|Any CPU
		{D7056D7E-D963-4BDE-8492-07380B4218A2}.Release|Any CPU.Build.0 = Release|Any CPU
	EndGlobalSection
	GlobalSection(SolutionProperties) = preSolution
		HideSolutionNode = FALSE
	EndGlobalSection
	GlobalSection(ExtensibilityGlobals) = postSolution
		SolutionGuid = {6DFF9515-0C36-4339-9746-DA6080A08A3A}
	EndGlobalSection
EndGlobal
